{
  "name": "@shelldone/microsoft-adapter",
  "version": "0.1.0",
  "lockfileVersion": 3,
  "requires": true,
  "packages": {
    "": {
      "name": "@shelldone/microsoft-adapter",
      "version": "0.1.0",
      "license": "MIT",
      "dependencies": {
        "@microsoft/agents-sdk": "^0.1.0"
      }
    }
  }
}
